
Microsoft Visual Studio Solution File, Format Version 12.00
# Visual Studio Version 16
VisualStudioVersion = 16.0.28902.138
MinimumVisualStudioVersion = 10.0.40219.1
Project("{FAE04EC0-301F-11D3-BF4B-00C04F79EFBC}") = "UL-Devops-Test", "UL-Devops-Test\UL-Devops-Test.csproj", "{A1DE7882-29FC-40B2-80E9-1FED5FA12322}"
EndProject
Global
	GlobalSection(SolutionConfigurationPlatforms) = preSolution
		Debug|Any CPU = Debug|Any CPU
		Release|Any CPU = Release|Any CPU
	EndGlobalSection
	GlobalSection(ProjectConfigurationPlatforms) = postSolution
		{A1DE7882-29FC-40B2-80E9-1FED5FA12322}.Debug|Any CPU.ActiveCfg = Debug|Any CPU
		{A1DE7882-29FC-40B2-80E9-1FED5FA12322}.Debug|Any CPU.Build.0 = Debug|Any CPU
		{A1DE7882-29FC-40B2-80E9-1FED5FA12322}.Release|Any CPU.ActiveCfg = Release|Any CPU
		{A1DE7882-29FC-40B2-80E9-1FED5FA12322}.Release|Any CPU.Build.0 = Release|Any CPU
	EndGlobalSection
	GlobalSection(SolutionProperties) = preSolution
		HideSolutionNode = FALSE
	EndGlobalSection
	GlobalSection(ExtensibilityGlobals) = postSolution
		SolutionGuid = {8A425772-C570-4F60-B997-71F9CA029288}
	EndGlobalSection
EndGlobal
